
Microsoft Visual Studio Solution File, Format Version 12.00
# Visual Studio Version 17
VisualStudioVersion = 17.9.34902.65
MinimumVisualStudioVersion = 10.0.40219.1
Project("{FAE04EC0-301F-11D3-BF4B-00C04F79EFBC}") = "MovimientoGastos", "MovimientoGastos.csproj", "{030B2B0C-BC89-41CC-8DAF-4FDE0BB8567F}"
EndProject
Global
	GlobalSection(SolutionConfigurationPlatforms) = preSolution
		Debug|Any CPU = Debug|Any CPU
		Release|Any CPU = Release|Any CPU
	EndGlobalSection
	GlobalSection(ProjectConfigurationPlatforms) = postSolution
		{030B2B0C-BC89-41CC-8DAF-4FDE0BB8567F}.Debug|Any CPU.ActiveCfg = Debug|Any CPU
		{030B2B0C-BC89-41CC-8DAF-4FDE0BB8567F}.Debug|Any CPU.Build.0 = Debug|Any CPU
		{030B2B0C-BC89-41CC-8DAF-4FDE0BB8567F}.Release|Any CPU.ActiveCfg = Release|Any CPU
		{030B2B0C-BC89-41CC-8DAF-4FDE0BB8567F}.Release|Any CPU.Build.0 = Release|Any CPU
	EndGlobalSection
	GlobalSection(SolutionProperties) = preSolution
		HideSolutionNode = FALSE
	EndGlobalSection
	GlobalSection(ExtensibilityGlobals) = postSolution
		SolutionGuid = {EC427524-CB73-439F-B5F0-B9BE9658E43E}
	EndGlobalSection
EndGlobal
